# This file is generated by running "yarn install" inside your project.
# Manual changes might be lost - proceed with caution!

__metadata:
  version: 4
  cacheKey: 7

"@sindresorhus/is@npm:^4.0.0":
  version: 4.0.0
  resolution: "@sindresorhus/is@npm:4.0.0"
  checksum: 7022d5037ff778c5c369c353e16a173c3797de5f4196b631ec00b0f710a3ccb016937ce454d4fac6ca32d695ed30a59444e941f8f78ff7692dc3c50959b3fe61
  languageName: node
  linkType: hard

"@sindresorhus/tsconfig@npm:^0.9.0":
  version: 0.9.0
  resolution: "@sindresorhus/tsconfig@npm:0.9.0"
  checksum: 07e516e712aef328f01226118f3e4953f86d631e5f263b3398852b185dac1d3991943fccda00de7122ef2de52d1c18a1c2bf7327860b101999f20505e1c7a4fb
  languageName: node
  linkType: hard

"@szmarczak/http-timer@npm:^4.0.5":
  version: 4.0.5
  resolution: "@szmarczak/http-timer@npm:4.0.5"
  dependencies:
    defer-to-connect: ^2.0.0
  checksum: 13d8f71dbd792b620b2cd13d72d086ef031ebefd5263a9db2f34693a32e4d90920fa1d7075cd59bf0c9810b2b1b93ad36d89fc88aba4cd3b8022df7ecc5ffdec
  languageName: node
  linkType: hard

"@types/cacheable-request@npm:^6.0.1":
  version: 6.0.1
  resolution: "@types/cacheable-request@npm:6.0.1"
  dependencies:
    "@types/http-cache-semantics": "*"
    "@types/keyv": "*"
    "@types/node": "*"
    "@types/responselike": "*"
  checksum: 3dae802a0808573986c56b92bf16cd031a5b648b6c893d20c7ef6bfda3fc72a2107c7978697d2b27b14febc597162d6959985eeb5befc307a9f9f3c5081d4905
  languageName: node
  linkType: hard

"@types/http-cache-semantics@npm:*":
  version: 4.0.0
  resolution: "@types/http-cache-semantics@npm:4.0.0"
  checksum: e16fae56d4daea4ed678b4d5918b693b44ca12fb5e479b87d242d3a35bf3a014974dcf9ed7aba7e29149fdb6c3719f9987fca51b20ef10aa84b58f86553c2f74
  languageName: node
  linkType: hard

"@types/keyv@npm:*":
  version: 3.1.1
  resolution: "@types/keyv@npm:3.1.1"
  dependencies:
    "@types/node": "*"
  checksum: 3aaf557d5b82e733d5a17b7f55af5d6be953363c3a594f006d64265790fe87c301c6e1400c0b6b1cf72add50a0ceddc25afb8231ab8302a2e5b6ebfbfac30e5d
  languageName: node
  linkType: hard

"@types/lodash@npm:^4.14.168":
  version: 4.14.168
  resolution: "@types/lodash@npm:4.14.168"
  checksum: 9a4e25f89fc035b9f0388f1f7be85e5eff49f9e6db0d93432c9a89fce0916f8a89db4e8290415f7ea02de6b00d3573826378dcb655b7b2d20530a6e8d6dd6fd0
  languageName: node
  linkType: hard

"@types/node@npm:*":
  version: 14.0.23
  resolution: "@types/node@npm:14.0.23"
  checksum: 35415a294f536c2b14d29ec02a733af23405f4e7e87dace5b4392a69358aae7a14d28805a528b6e9a5f55cfbd9e035bd817e4db0325945fe0332db40ecabdf84
  languageName: node
  linkType: hard

"@types/node@npm:^14.14.35":
  version: 14.14.35
  resolution: "@types/node@npm:14.14.35"
  checksum: 0f6320bf5370d1ff82105fb7f26aa0658499c97d3ec78561e65b65724280244f281602541182b63470d2c8a98db22fbb4f91409c5c7c97da8c3bb8f97fbc5dbc
  languageName: node
  linkType: hard

"@types/responselike@npm:*, @types/responselike@npm:^1.0.0":
  version: 1.0.0
  resolution: "@types/responselike@npm:1.0.0"
  dependencies:
    "@types/node": "*"
  checksum: e6e6613c800aeda63e2331e753e8d21df1a2c9aa7a4bc71ed792a848e4811fc96e609759089355314a2318c76eff1f161499cd242044838ab1e6f56e463ebb9c
  languageName: node
  linkType: hard

"@vercel/node@npm:^1.9.1":
  version: 1.9.1
  resolution: "@vercel/node@npm:1.9.1"
  dependencies:
    "@types/node": "*"
    ts-node: 8.9.1
    typescript: 3.9.3
  checksum: 4daae2b5ee95ba083372b2f1f40e49c55d267b2b0b1cf0b86a16f218728cc50b1b0554e7747d951bbf220b4a47d606c9ccc4e9d5a007ceb61346eada5ef4f85c
  languageName: node
  linkType: hard

"abort-controller@npm:^3.0.0":
  version: 3.0.0
  resolution: "abort-controller@npm:3.0.0"
  dependencies:
    event-target-shim: ^5.0.0
  checksum: cc53ad8df9a6de3f55d4f804fca5106908f855e47b572fb5ab3cdd723b76374686dcefa557a2f87d4396db77e31bc0e6ce9d48637388cef6d884c29ad2691448
  languageName: node
  linkType: hard

"arg@npm:^4.1.0":
  version: 4.1.3
  resolution: "arg@npm:4.1.3"
  checksum: 81b3b40b1529c4fbf75b12f7c3e6fb2dcce9e78072063babc169de9b4f40777788f3d2b04380f659ef676a756e03ccfbfe78adf4477353bda906295fa69dab89
  languageName: node
  linkType: hard

"asynckit@npm:^0.4.0":
  version: 0.4.0
  resolution: "asynckit@npm:0.4.0"
  checksum: a024000b9ddd938e2f27b3cb8188f96a5e1fff58185e98b84862fc4e01de279a547874a800340c2b106bb9de9b0fc61c6c683bc6892abf65e6be29a96addafd3
  languageName: node
  linkType: hard

"buffer-alloc-unsafe@npm:^1.1.0":
  version: 1.1.0
  resolution: "buffer-alloc-unsafe@npm:1.1.0"
  checksum: f5ab30acb1270dbec68283464d757eb1bf694557a06f27d542344bd1474e4bb202db35be1e04c804e28880eb2092dacbe39870204bc14934377f74925a4aac5c
  languageName: node
  linkType: hard

"buffer-alloc@npm:^1.2.0":
  version: 1.2.0
  resolution: "buffer-alloc@npm:1.2.0"
  dependencies:
    buffer-alloc-unsafe: ^1.1.0
    buffer-fill: ^1.0.0
  checksum: 0a66de89687b503644bd1a5996ac3492f8f6a154f352baae72b410db1c1a12f6ccfb9e088d838cca8648e64049140ae4ffca6a54620dec8a3aba7d114d7697db
  languageName: node
  linkType: hard

"buffer-fill@npm:^1.0.0":
  version: 1.0.0
  resolution: "buffer-fill@npm:1.0.0"
  checksum: 099a16038eaa2586c12b902e68e300f2e0d581c8bfdbe5c8937757ea20c375167e0dfe1891585b99ae1b4385d7ed18b4f2d4b3f85120252778fe45489ee519f1
  languageName: node
  linkType: hard

"buffer-from@npm:^1.0.0":
  version: 1.1.1
  resolution: "buffer-from@npm:1.1.1"
  checksum: 540ceb79c4f5bfcadaabbc18324fa84c50dc52905084be7c03596a339cf5a88513bee6831ce9b36ddd046fab09257a7c80686e129d0559a0cfd141da196ad956
  languageName: node
  linkType: hard

"cacheable-lookup@npm:^5.0.3":
  version: 5.0.3
  resolution: "cacheable-lookup@npm:5.0.3"
  checksum: a51e3ddb824865b87895a915fc41be6e2097b62932e5441c357711bb87ec23b0a738a7b7a5cefd9043dacd4ed31ca56b62528ec60ba020e360f07175b6ca5bfe
  languageName: node
  linkType: hard

"cacheable-request@npm:^7.0.1":
  version: 7.0.1
  resolution: "cacheable-request@npm:7.0.1"
  dependencies:
    clone-response: ^1.0.2
    get-stream: ^5.1.0
    http-cache-semantics: ^4.0.0
    keyv: ^4.0.0
    lowercase-keys: ^2.0.0
    normalize-url: ^4.1.0
    responselike: ^2.0.0
  checksum: fe0b6f3b8a145c98fecc00f0f1b13a9886cad9bf4537533c5568cba19db81c8ee09ace9c61967d5a4e72615e174d771b6b8080c3816f0b74fc6f9c69060c3ff0
  languageName: node
  linkType: hard

"clone-response@npm:^1.0.2":
  version: 1.0.2
  resolution: "clone-response@npm:1.0.2"
  dependencies:
    mimic-response: ^1.0.0
  checksum: 71832f9219f2682b0915bdbc0dd187ba8e63d16b0af5342b44f97b34afe9400a1f528a253dd2f70a8dd8b23bfa4c4e106928fcc520fa5899d769af95e4cce53c
  languageName: node
  linkType: hard

"combined-stream@npm:^1.0.8":
  version: 1.0.8
  resolution: "combined-stream@npm:1.0.8"
  dependencies:
    delayed-stream: ~1.0.0
  checksum: 5791ce7944530f0db74a97e77ea28b6fdbf89afcf038e41d6b4195019c4c803cd19ed2905a54959e5b3830d50bd5d6f93c681c6d3aaea8614ad43b48e62e9d65
  languageName: node
  linkType: hard

"create-require@npm:^1.1.0":
  version: 1.1.1
  resolution: "create-require@npm:1.1.1"
  checksum: babd307893abfb26d77ae11cb9d6b6cfa6d18c9cee435cf70b5a3fb44aa8d90c9ec26ea89cbb16e0a94b8d34f5fcaee164b90ed526cdd3158955673ab9652d01
  languageName: node
  linkType: hard

"dayjs@npm:^1.10.4":
  version: 1.10.4
  resolution: "dayjs@npm:1.10.4"
  checksum: 3b7bb2232fff808209870bc72d4b2000941a1aa45f0226e2907f9dd1dda306d4b3a1eb9058450fd2c324b01a007a37809ac6f9b525806a86902c55e2934cd5d5
  languageName: node
  linkType: hard

"debug@npm:^4.3.1":
  version: 4.3.1
  resolution: "debug@npm:4.3.1"
  dependencies:
    ms: 2.1.2
  peerDependenciesMeta:
    supports-color:
      optional: true
  checksum: 0d41ba5177510e8b388dfd7df143ab0f9312e4abdaba312595461511dac88e9ef8101939d33b4e6d37e10341af6a5301082e4d7d6f3deb4d57bc05fc7d296fad
  languageName: node
  linkType: hard

"decompress-response@npm:^6.0.0":
  version: 6.0.0
  resolution: "decompress-response@npm:6.0.0"
  dependencies:
    mimic-response: ^3.1.0
  checksum: bb8b8c42be7767994764d27f91a3949e3dc9008da82f1aaeab1de40f1ebb50d7abf17b31b2e4000f8d267a1e75f76052efd58d4419124c04bf430e184c164fad
  languageName: node
  linkType: hard

"defer-to-connect@npm:^2.0.0":
  version: 2.0.0
  resolution: "defer-to-connect@npm:2.0.0"
  checksum: 0453938bfce1c866263d0a4732ade8d69b1a39e27e073d3fbae9e0cc1c6a15a422c2fe5f90320465312ace6a01dbed4a2836755ac2a9519555e82d65141eabdc
  languageName: node
  linkType: hard

"delayed-stream@npm:~1.0.0":
  version: 1.0.0
  resolution: "delayed-stream@npm:1.0.0"
  checksum: d9dfb0a7c79fd308fada9db2cf29d1ff22047ceb50dd78f7e3c173567909b438f418259cb76a6d9c9f513e88ef41d3a14154f618741ec8368c3efeff616d0c9f
  languageName: node
  linkType: hard

"diff@npm:^4.0.1":
  version: 4.0.2
  resolution: "diff@npm:4.0.2"
  checksum: 81b5cd7ddde6f0ba2a532d434cfdca365aedd6cc62bb133e851e66e071d40382a30924a07c1034bd3d5a2e332146f64514b73c06fe2ebc0490a67f0c98da79fb
  languageName: node
  linkType: hard

"end-of-stream@npm:^1.1.0":
  version: 1.4.1
  resolution: "end-of-stream@npm:1.4.1"
  dependencies:
    once: ^1.4.0
  checksum: 0cef172d2a83a4d704c0ac5bc0e7db400c45d379fa9e93279450a25753afa3f5a6b8a8b35fbc0f5f153130647bd83ace33926f90807b7ded8b8b91cf602691b9
  languageName: node
  linkType: hard

"event-target-shim@npm:^5.0.0":
  version: 5.0.1
  resolution: "event-target-shim@npm:5.0.1"
  checksum: d176477a31adf328ff50148886e46cef3f61ff8bdc1d6db161f6b3ead2501085d5652a81fab8dddc59aed93727231c0b5c8a0948de77ae401b2d977a3d18329e
  languageName: node
  linkType: hard

"form-data@npm:^4.0.0":
  version: 4.0.0
  resolution: "form-data@npm:4.0.0"
  dependencies:
    asynckit: ^0.4.0
    combined-stream: ^1.0.8
    mime-types: ^2.1.12
  checksum: ecbe8f41bcf5c415f38e39058b34598a9261bb74a3d54b633d0b5dd8b7cf9a30b0626cd06ae8e79874a2ca88c222041142a7893e5afdd35fdfc3272264d03d44
  languageName: node
  linkType: hard

"get-stream@npm:^5.1.0":
  version: 5.1.0
  resolution: "get-stream@npm:5.1.0"
  dependencies:
    pump: ^3.0.0
  checksum: 599dad0b6b9e41602c5a383d218e929209774e66bd3345d5ba6b87e305a16e5d4263936cab974804a30cfeebb1d9e6082f0dba4a463fcce0ba75b922b7c9d861
  languageName: node
  linkType: hard

"got@npm:^11.8.2":
  version: 11.8.2
  resolution: "got@npm:11.8.2"
  dependencies:
    "@sindresorhus/is": ^4.0.0
    "@szmarczak/http-timer": ^4.0.5
    "@types/cacheable-request": ^6.0.1
    "@types/responselike": ^1.0.0
    cacheable-lookup: ^5.0.3
    cacheable-request: ^7.0.1
    decompress-response: ^6.0.0
    http2-wrapper: ^1.0.0-beta.5.2
    lowercase-keys: ^2.0.0
    p-cancelable: ^2.0.0
    responselike: ^2.0.0
  checksum: 6415f98ec249e932ca8223396e58ec18017ade64e21efc40db62f994f3551eaf7eca945671d40b2486f0650b1f17b5a2a0f11655ea501712566ef60be010f07f
  languageName: node
  linkType: hard

"http-cache-semantics@npm:^4.0.0":
  version: 4.0.3
  resolution: "http-cache-semantics@npm:4.0.3"
  checksum: d82dfeb79c6c66e3f50fd37015d15e55eef5856a9e25e859085fb98ecf1e18325ccbcbd33e0e7911528cff462af1a586f1303a11dea53a22ce5b26d5e8abc12a
  languageName: node
  linkType: hard

"http2-wrapper@npm:^1.0.0-beta.5.2":
  version: 1.0.0-beta.5.2
  resolution: "http2-wrapper@npm:1.0.0-beta.5.2"
  dependencies:
    quick-lru: ^5.1.1
    resolve-alpn: ^1.0.0
  checksum: 74db457c83d2cef5ea36e6a0a013a0a12b3fff575c4cabfc91c012b7335463d09ed3dba2d7e87babab4396a170df466730b1c13d92f99bbdd82b7aec99387683
  languageName: node
  linkType: hard

"ip-regex@npm:^4.0.0":
  version: 4.1.0
  resolution: "ip-regex@npm:4.1.0"
  checksum: 139978134f6902430e4a09141d608ddfd4f4dcf2904c8db092bff7d7eaf446b3b0ed2581510ee1c34f764015fc930cfe2b46ebf5e96d85b1d76d5ea1f112b68a
  languageName: node
  linkType: hard

"is-ip@npm:^3.1.0":
  version: 3.1.0
  resolution: "is-ip@npm:3.1.0"
  dependencies:
    ip-regex: ^4.0.0
  checksum: 9929f2f33d46f85f1c603d360796e2ce97ac718ffa95611412c1959b59b839a8e7c8aa35e495812c9061ff3a23cab8a818ec54064fa2428c46f86d11114b289f
  languageName: node
  linkType: hard

"is-url-superb@npm:^5.0.0":
  version: 5.0.0
  resolution: "is-url-superb@npm:5.0.0"
  checksum: 5aaafcea83ba19a3734e11accc0ea9c7c6fe991f0207e6f0485557f665f58a8ab459eb52e17267617b82fa56908f2e65306d4861ea6f5540a351e2ebb4c4d0d5
  languageName: node
  linkType: hard

"json-buffer@npm:3.0.1":
  version: 3.0.1
  resolution: "json-buffer@npm:3.0.1"
  checksum: 78011309cb53c19195702ece9e282c8c58d7facd8d6e286857fd4daf511f0bd93424498898d0b9ecfde6ab8e87a2ab0c0a654fba4b1a4ec81fa51f2c48a5ddba
  languageName: node
  linkType: hard

"keyv@npm:^4.0.0":
  version: 4.0.1
  resolution: "keyv@npm:4.0.1"
  dependencies:
    json-buffer: 3.0.1
  checksum: f4e65024a7451942c28dc7b813d1788b4279f9e9415c8f611d4c0f3d90162207900fa90fff0c56db94f3bab01054ad31b813958d0f9f76984e33dd62c4da2d72
  languageName: node
  linkType: hard

"lodash@npm:^4.17.21":
  version: 4.17.21
  resolution: "lodash@npm:4.17.21"
  checksum: 4983720b9abca930a4a46f18db163d7dad8dd00dbed6db0cc7b499b33b717cce69f80928b27bbb1ff2cbd3b19d251ee90669a8b5ea466072ca81c2ebe91e7468
  languageName: node
  linkType: hard

"lowercase-keys@npm:^2.0.0":
  version: 2.0.0
  resolution: "lowercase-keys@npm:2.0.0"
  checksum: 4da67f41865a25360bb05749a66a83c60987c7efa0b8ec443941a19978c21ba916ae9fedca25b96fc652026c4264a437d3fec099d1949716b5483eec42395ec9
  languageName: node
  linkType: hard

"make-error@npm:^1.1.1":
  version: 1.3.6
  resolution: "make-error@npm:1.3.6"
  checksum: 2c780bab8409b865e8ee86697c599a2bf2765ec64d21eb67ccda27050e039f983feacad05a0d43aba3c966ea03d305d2612e94fec45474bcbc61181f57c5bb88
  languageName: node
  linkType: hard

"mime-db@npm:1.40.0":
  version: 1.40.0
  resolution: "mime-db@npm:1.40.0"
  checksum: 3b1563f7bed054338781ca71bc10099d3bcd6a7d74d9cd3d7cbfb7f58486f387aa7948dcf5eac4974c13000bd1961c02fa87090db5313bf99f6511aeab63df7b
  languageName: node
  linkType: hard

"mime-types@npm:^2.1.12":
  version: 2.1.24
  resolution: "mime-types@npm:2.1.24"
  dependencies:
    mime-db: 1.40.0
  checksum: 4046efa4d85f77580f0459f3cb9f103648880933b09836b0ae8301bad6b5a209696097122668b6a97624f8a5c69e6bebdeda1c425479f110a258018951d0c147
  languageName: node
  linkType: hard

"mimic-response@npm:^1.0.0":
  version: 1.0.1
  resolution: "mimic-response@npm:1.0.1"
  checksum: 64b43c717ed8710bc920576e96d38d0e504e9eec3114af8e00c9e3d7ae53cd459ee38febb0badc83e3a4e6d21cd571db43e9011f8cf014809989c87a1a9f0ea4
  languageName: node
  linkType: hard

"mimic-response@npm:^3.1.0":
  version: 3.1.0
  resolution: "mimic-response@npm:3.1.0"
  checksum: cfbf19f66de6ad46df7481d9e8c1a7f30b6fa77dd771ad4a72a0443265041a39768182bde6d1de39001c2774168635bc74f42902e401c8ba33db55d69b773004
  languageName: node
  linkType: hard

"minimist@npm:^1.2.5":
  version: 1.2.5
  resolution: "minimist@npm:1.2.5"
  checksum: b77b8590147a4e217ff34266236bc39de23b52e6e33054076991ff674c7397a1380a7bde11111916f16f003a94aaa7e4f3d92595a32189644ff607fabc65a5b6
  languageName: node
  linkType: hard

"module-alias@npm:^2.2.2":
  version: 2.2.2
  resolution: "module-alias@npm:2.2.2"
  checksum: 1b37943df4fbe56799688eb3496f5113f7f1e18ff7a53bd3543e93fd4ee6c4b04e1548fc0cb49ae73e086b18ee712ab3321f6d7f5444cf413c638914decb8918
  languageName: node
  linkType: hard

"ms@npm:2.1.2":
  version: 2.1.2
  resolution: "ms@npm:2.1.2"
  checksum: 9b65fb709bc30c0c07289dcbdb61ca032acbb9ea5698b55fa62e2cebb04c5953f1876a1f3f7f4bc2e91d4bf4d86003f3e207c3bc6ee2f716f99827e62389cd0e
  languageName: node
  linkType: hard

"node-fetch@npm:^2.6.1":
  version: 2.6.1
  resolution: "node-fetch@npm:2.6.1"
  checksum: cbb171635e538162b977eac5dfe7a1e07a9a02e991924377a6435502291e2f823d306b95aabc455caebf4a118ccf836868462bc70ccc3095af02bb9da61fda37
  languageName: node
  linkType: hard

"normalize-url@npm:^4.1.0":
  version: 4.5.0
  resolution: "normalize-url@npm:4.5.0"
  checksum: 09794941dbe5c7b91caf6f3cd1ae167c27f6d09793e4a03601a68b62de7e8ee9e5de21a246130cdbab98b01481de292f9556d492444a527648f9cf1220e4b0df
  languageName: node
  linkType: hard

"once@npm:^1.3.1, once@npm:^1.4.0":
  version: 1.4.0
  resolution: "once@npm:1.4.0"
  dependencies:
    wrappy: 1
  checksum: 57afc246536cf6494437f982b26475f22bee860f8b77ce8eb1543f42a8bffe04b2c66ddfea9a16cb25ccb80943f8ee4fc639367ef97b7a6a4f2672eb573963f5
  languageName: node
  linkType: hard

"outdent@npm:^0.8.0":
  version: 0.8.0
  resolution: "outdent@npm:0.8.0"
  checksum: 5f48c7b6a2ef8cbedf1c15d8b09d4ab14a6a9414d5616f2790c5034a1b1684e42b087033188a0657f8e04b45a1a3dc5545627cf84c479864573665ecb5761152
  languageName: node
  linkType: hard

"p-cancelable@npm:^2.0.0":
  version: 2.0.0
  resolution: "p-cancelable@npm:2.0.0"
  checksum: 966065f056a116a1ca3b6c7064d4d27a65bc1740c25cc60729faa5deea385bbd0f2317aedabb8e64c0cfc3c6b2dafe7f3ea65c267373d6d9be1602af443b4f12
  languageName: node
  linkType: hard

"p-timeout@npm:^4.1.0":
  version: 4.1.0
  resolution: "p-timeout@npm:4.1.0"
  checksum: 75363ceaadfd11bf3bd304bbfa6a0244f947f901b6c123533094cd177c1a11615be16dae025e390f4d4e11eac38638d2ca84c191d7a28f6f9ba9399add686f68
  languageName: node
  linkType: hard

"pump@npm:^3.0.0":
  version: 3.0.0
  resolution: "pump@npm:3.0.0"
  dependencies:
    end-of-stream: ^1.1.0
    once: ^1.3.1
  checksum: 5464d5cf6c6f083cc60cb45b074fb9a4a92ba4d3e0d89e9b2fa1906d8151fd3766784a426725ccf1af50d1c29963ac20b13829933549830e08a6704e3f95e08c
  languageName: node
  linkType: hard

"quick-lru@npm:^5.1.1":
  version: 5.1.1
  resolution: "quick-lru@npm:5.1.1"
  checksum: fafb2b2fa1a948d6f2e88d4a60571be70b316d9b0be857d24fba0ac28fc31acebf535b643fe968473d689f8c655bcb2a0e4da67912f571059a4e4eb15740b021
  languageName: node
  linkType: hard

"resolve-alpn@npm:^1.0.0":
  version: 1.0.0
  resolution: "resolve-alpn@npm:1.0.0"
  checksum: 17baee01c03a57cebd163aa5c9bd94f33646378bce8aa94c7a8d29fc0e1bf0807532bda3c36bb929511606633921d0f4a69e7fcc894cf02ad1c742e649b71673
  languageName: node
  linkType: hard

"responselike@npm:^2.0.0":
  version: 2.0.0
  resolution: "responselike@npm:2.0.0"
  dependencies:
    lowercase-keys: ^2.0.0
  checksum: 11d8225dd8bbbd2ab7482c2e54ff2618e346c7d785e66d2ff5da03d6eafa8b33c3a4c6d685324dccf06f36ee2695db9bd2579382548c2a7253d770204694a63d
  languageName: node
  linkType: hard

"sachan-bot@workspace:.":
  version: 0.0.0-use.local
  resolution: "sachan-bot@workspace:."
  dependencies:
    "@sindresorhus/tsconfig": ^0.9.0
    "@types/lodash": ^4.14.168
    "@types/node": ^14.14.35
    "@vercel/node": ^1.9.1
    dayjs: ^1.10.4
    form-data: ^4.0.0
    got: ^11.8.2
    is-ip: ^3.1.0
    is-url-superb: ^5.0.0
    lodash: ^4.17.21
    outdent: ^0.8.0
    telegraf: ^4.3.0
    ts-node: ^9.1.1
    typescript: ^4.2.3
  bin:
    sachan-bot: dist
  languageName: unknown
  linkType: soft

"safe-compare@npm:^1.1.4":
  version: 1.1.4
  resolution: "safe-compare@npm:1.1.4"
  dependencies:
    buffer-alloc: ^1.2.0
  checksum: 6f01c394a0e46eb0bda80bf27371489a0731bebe62d81665ff44192d44e1706a53fd3879f5fa1f7573de9d2a6b4b6e06257ebf8dd08ca944011201bbdb23c4ea
  languageName: node
  linkType: hard

"sandwich-stream@npm:^2.0.2":
  version: 2.0.2
  resolution: "sandwich-stream@npm:2.0.2"
  checksum: f88483282e71e6d887119d8726fdaee56914fcab9df99d4777de650188fb823df314237eb6d2938b3e93d04054a047e2f774c8667014e8f4582b086d0c060ce9
  languageName: node
  linkType: hard

"source-map-support@npm:^0.5.17":
  version: 0.5.19
  resolution: "source-map-support@npm:0.5.19"
  dependencies:
    buffer-from: ^1.0.0
    source-map: ^0.6.0
  checksum: 59d4efaae97755155b078413ecba63517e3ef054cc7ab767bbd30e6f3054be2ae8e8f5cce7eef53b7eb93e98fe27a58dd8f5e7abfb13144ba420ddaf5267bbb2
  languageName: node
  linkType: hard

"source-map@npm:^0.6.0":
  version: 0.6.1
  resolution: "source-map@npm:0.6.1"
  checksum: 8647829a0611724114022be455ca1c8a2c8ae61df81c5b3667d9b398207226a1e21174fb7bbf0b4dbeb27ac358222afb5a14f1c74a62a62b8883b012e5eb1270
  languageName: node
  linkType: hard

"telegraf@npm:^4.3.0":
  version: 4.3.0
  resolution: "telegraf@npm:4.3.0"
  dependencies:
    abort-controller: ^3.0.0
    debug: ^4.3.1
    minimist: ^1.2.5
    module-alias: ^2.2.2
    node-fetch: ^2.6.1
    p-timeout: ^4.1.0
    safe-compare: ^1.1.4
    sandwich-stream: ^2.0.2
    typegram: ^3.2.0
  bin:
    telegraf: bin/telegraf
  checksum: e3ff06b15540ef425659315eb388d1794faed06791896994f5328db0c61a4d8229db076287d90afc6892601d13cdc3cd741a72565dcfde331f3e2d7dba26fbe1
  languageName: node
  linkType: hard

"ts-node@npm:8.9.1":
  version: 8.9.1
  resolution: "ts-node@npm:8.9.1"
  dependencies:
    arg: ^4.1.0
    diff: ^4.0.1
    make-error: ^1.1.1
    source-map-support: ^0.5.17
    yn: 3.1.1
  peerDependencies:
    typescript: ">=2.7"
  bin:
    ts-node: dist/bin.js
    ts-node-script: dist/bin-script.js
    ts-node-transpile-only: dist/bin-transpile.js
    ts-script: dist/bin-script-deprecated.js
  checksum: 8b365cd64448b6a7904f910d5d23d25ffc5a89a7dad9cfae9cf6c6cda464b08ecf10601aadc6db04155deecd9b64546745c614c3d4180d1d19ad85fdfb5f14d3
  languageName: node
  linkType: hard

"ts-node@npm:^9.1.1":
  version: 9.1.1
  resolution: "ts-node@npm:9.1.1"
  dependencies:
    arg: ^4.1.0
    create-require: ^1.1.0
    diff: ^4.0.1
    make-error: ^1.1.1
    source-map-support: ^0.5.17
    yn: 3.1.1
  peerDependencies:
    typescript: ">=2.7"
  bin:
    ts-node: dist/bin.js
    ts-node-script: dist/bin-script.js
    ts-node-transpile-only: dist/bin-transpile.js
    ts-script: dist/bin-script-deprecated.js
  checksum: a90db4a342872cd0e7a80babdfcb15d2f7c06e700d735003098f7cc79db575c3380580c58a19ae0d0eaab553af083651d4237060c92170e6f8ac4e64693113ea
  languageName: node
  linkType: hard

"typegram@npm:^3.2.0":
  version: 3.2.3
  resolution: "typegram@npm:3.2.3"
  checksum: 890430ac79bd60c4a61689c358bc4565e8afa3755d5c33198d86a9d57156128ae2e286b159bcdf96e3f817ce278a601d490d78efff7d40dc1e6932a19998bf40
  languageName: node
  linkType: hard

typescript@3.9.3:
  version: 3.9.3
  resolution: "typescript@npm:3.9.3"
  bin:
    tsc: bin/tsc
    tsserver: bin/tsserver
  checksum: f05e6f1c50c635bd7afc95fbc9eb704042b5bec9a77b9c86ddc0c56650c928617d608b9ec9aa468d7b4cf14ac1ea5f540c540c725005a179b54a86665abd9a55
  languageName: node
  linkType: hard

typescript@^4.2.3:
  version: 4.2.3
  resolution: "typescript@npm:4.2.3"
  bin:
    tsc: bin/tsc
    tsserver: bin/tsserver
  checksum: 06e8470f317db6f5e2fce809b20eb84a67a7d8179057abff36e5427bd1b891bd08e54581ff81f0fa36aef9b6d1eb0f54eaf6e2643c6dbd4e37a0adcc41eed256
  languageName: node
  linkType: hard

"typescript@patch:typescript@3.9.3#builtin<compat/typescript>":
  version: 3.9.3
  resolution: "typescript@patch:typescript@npm%3A3.9.3#builtin<compat/typescript>::version=3.9.3&hash=a45b0e"
  bin:
    tsc: bin/tsc
    tsserver: bin/tsserver
  checksum: 54b2889e3dce3cdb00e652c207e0d85b4cecd902dae3c999c2f860634ec87029426121b9a7c2b83d89466eff42dc26b2a3cda033fa67b1723d6e00a0dc54ea4c
  languageName: node
  linkType: hard

"typescript@patch:typescript@^4.2.3#builtin<compat/typescript>":
  version: 4.2.3
  resolution: "typescript@patch:typescript@npm%3A4.2.3#builtin<compat/typescript>::version=4.2.3&hash=a45b0e"
  bin:
    tsc: bin/tsc
    tsserver: bin/tsserver
  checksum: a8956044aabf730699bcc3c2475efdd3f35e509329325cf60b4989761d4c2188e2c474183e2cf92b8c201fcf976814a5a16f144508b2a832643c4f972d0ab803
  languageName: node
  linkType: hard

"wrappy@npm:1":
  version: 1.0.2
  resolution: "wrappy@npm:1.0.2"
  checksum: 519fcda0fcdf0c16327be2de9d98646742307bc830277e8868529fcf7566f2b330a6453c233e0cdcb767d5838dd61a90984a02ecc983bcddebea5ad0833bbf98
  languageName: node
  linkType: hard

"yn@npm:3.1.1":
  version: 3.1.1
  resolution: "yn@npm:3.1.1"
  checksum: bff63b80568d80c711670935427494dde47cdf97e8b04196b140ce0af519c81c5ee857eddad0caa8b422dd65aea0157bbfaacbb1546bebba623f0f383d5d9ae5
  languageName: node
  linkType: hard
